// !$*UTF8*$!
{
	archiveVersion = 1;
	classes = {
	};
	objectVersion = 50;
	objects = {

/* Begin PBXBuildFile section */
		A6E8860F24B42F070074009B /* AppDelegate.swift in Sources */ = {isa = PBXBuildFile; fileRef = A6E8860E24B42F070074009B /* AppDelegate.swift */; };
		A6E8861124B42F070074009B /* ViewController.swift in Sources */ = {isa = PBXBuildFile; fileRef = A6E8861024B42F070074009B /* ViewController.swift */; };
		A6E8861424B42F070074009B /* Main.storyboard in Resources */ = {isa = PBXBuildFile; fileRef = A6E8861224B42F070074009B /* Main.storyboard */; };
		A6E8861624B42F080074009B /* Assets.xcassets in Resources */ = {isa = PBXBuildFile; fileRef = A6E8861524B42F080074009B /* Assets.xcassets */; };
		A6E8861924B42F080074009B /* LaunchScreen.storyboard in Resources */ = {isa = PBXBuildFile; fileRef = A6E8861724B42F080074009B /* LaunchScreen.storyboard */; };
		A6E8862424B42F090074009B /* BTVNDay9Tests.swift in Sources */ = {isa = PBXBuildFile; fileRef = A6E8862324B42F090074009B /* BTVNDay9Tests.swift */; };
		A6E8862F24B42F090074009B /* BTVNDay9UITests.swift in Sources */ = {isa = PBXBuildFile; fileRef = A6E8862E24B42F090074009B /* BTVNDay9UITests.swift */; };
		A6E8863D24B42F850074009B /* CustomView.swift in Sources */ = {isa = PBXBuildFile; fileRef = A6E8863C24B42F850074009B /* CustomView.swift */; };
/* End PBXBuildFile section */

/* Begin PBXContainerItemProxy section */
		A6E8862024B42F080074009B /* PBXContainerItemProxy */ = {
			isa = PBXContainerItemProxy;
			containerPortal = A6E8860324B42F070074009B /* Project object */;
			proxyType = 1;
			remoteGlobalIDString = A6E8860A24B42F070074009B;
			remoteInfo = BTVNDay9;
		};
		A6E8862B24B42F090074009B /* PBXContainerItemProxy */ = {
			isa = PBXContainerItemProxy;
			containerPortal = A6E8860324B42F070074009B /* Project object */;
			proxyType = 1;
			remoteGlobalIDString = A6E8860A24B42F070074009B;
			remoteInfo = BTVNDay9;
		};
/* End PBXContainerItemProxy section */

/* Begin PBXFileReference section */
		A6E8860B24B42F070074009B /* BTVNDay9.app */ = {isa = PBXFileReference; explicitFileType = wrapper.application; includeInIndex = 0; path = BTVNDay9.app; sourceTree = BUILT_PRODUCTS_DIR; };
		A6E8860E24B42F070074009B /* AppDelegate.swift */ = {isa = PBXFileReference; lastKnownFileType = sourcecode.swift; path = AppDelegate.swift; sourceTree = "<group>"; };
		A6E8861024B42F070074009B /* ViewController.swift */ = {isa = PBXFileReference; lastKnownFileType = sourcecode.swift; path = ViewController.swift; sourceTree = "<group>"; };
		A6E8861324B42F070074009B /* Base */ = {isa = PBXFileReference; lastKnownFileType = file.storyboard; name = Base; path = Base.lproj/Main.storyboard; sourceTree = "<group>"; };
		A6E8861524B42F080074009B /* Assets.xcassets */ = {isa = PBXFileReference; lastKnownFileType = folder.assetcatalog; path = Assets.xcassets; sourceTree = "<group>"; };
		A6E8861824B42F080074009B /* Base */ = {isa = PBXFileReference; lastKnownFileType = file.storyboard; name = Base; path = Base.lproj/LaunchScreen.storyboard; sourceTree = "<group>"; };
		A6E8861A24B42F080074009B /* Info.plist */ = {isa = PBXFileReference; lastKnownFileType = text.plist.xml; path = Info.plist; sourceTree = "<group>"; };
		A6E8861F24B42F080074009B /* BTVNDay9Tests.xctest */ = {isa = PBXFileReference; explicitFileType = wrapper.cfbundle; includeInIndex = 0; path = BTVNDay9Tests.xctest; sourceTree = BUILT_PRODUCTS_DIR; };
		A6E8862324B42F090074009B /* BTVNDay9Tests.swift */ = {isa = PBXFileReference; lastKnownFileType = sourcecode.swift; path = BTVNDay9Tests.swift; sourceTree = "<group>"; };
		A6E8862524B42F090074009B /* Info.plist */ = {isa = PBXFileReference; lastKnownFileType = text.plist.xml; path = Info.plist; sourceTree = "<group>"; };
		A6E8862A24B42F090074009B /* BTVNDay9UITests.xctest */ = {isa = PBXFileReference; explicitFileType = wrapper.cfbundle; includeInIndex = 0; path = BTVNDay9UITests.xctest; sourceTree = BUILT_PRODUCTS_DIR; };
		A6E8862E24B42F090074009B /* BTVNDay9UITests.swift */ = {isa = PBXFileReference; lastKnownFileType = sourcecode.swift; path = BTVNDay9UITests.swift; sourceTree = "<group>"; };
		A6E8863024B42F090074009B /* Info.plist */ = {isa = PBXFileReference; lastKnownFileType = text.plist.xml; path = Info.plist; sourceTree = "<group>"; };
		A6E8863C24B42F850074009B /* CustomView.swift */ = {isa = PBXFileReference; lastKnownFileType = sourcecode.swift; path = CustomView.swift; sourceTree = "<group>"; };
/* End PBXFileReference section */

/* Begin PBXFrameworksBuildPhase section */
		A6E8860824B42F070074009B /* Frameworks */ = {
			isa = PBXFrameworksBuildPhase;
			buildActionMask = 2147483647;
			files = (
			);
			runOnlyForDeploymentPostprocessing = 0;
		};
		A6E8861C24B42F080074009B /* Frameworks */ = {
			isa = PBXFrameworksBuildPhase;
			buildActionMask = 2147483647;
			files = (
			);
			runOnlyForDeploymentPostprocessing = 0;
		};
		A6E8862724B42F090074009B /* Frameworks */ = {
			isa = PBXFrameworksBuildPhase;
			buildActionMask = 2147483647;
			files = (
			);
			runOnlyForDeploymentPostprocessing = 0;
		};
/* End PBXFrameworksBuildPhase section */

/* Begin PBXGroup section */
		A6E8860224B42F070074009B = {
			isa = PBXGroup;
			children = (
				A6E8860D24B42F070074009B /* BTVNDay9 */,
				A6E8862224B42F090074009B /* BTVNDay9Tests */,
				A6E8862D24B42F090074009B /* BTVNDay9UITests */,
				A6E8860C24B42F070074009B /* Products */,
			);
			sourceTree = "<group>";
		};
		A6E8860C24B42F070074009B /* Products */ = {
			isa = PBXGroup;
			children = (
				A6E8860B24B42F070074009B /* BTVNDay9.app */,
				A6E8861F24B42F080074009B /* BTVNDay9Tests.xctest */,
				A6E8862A24B42F090074009B /* BTVNDay9UITests.xctest */,
			);
			name = Products;
			sourceTree = "<group>";
		};
		A6E8860D24B42F070074009B /* BTVNDay9 */ = {
			isa = PBXGroup;
			children = (
				A6E8860E24B42F070074009B /* AppDelegate.swift */,
				A6E8861024B42F070074009B /* ViewController.swift */,
				A6E8861224B42F070074009B /* Main.storyboard */,
				A6E8861524B42F080074009B /* Assets.xcassets */,
				A6E8861724B42F080074009B /* LaunchScreen.storyboard */,
				A6E8861A24B42F080074009B /* Info.plist */,
				A6E8863C24B42F850074009B /* CustomView.swift */,
			);
			path = BTVNDay9;
			sourceTree = "<group>";
		};
		A6E8862224B42F090074009B /* BTVNDay9Tests */ = {
			isa = PBXGroup;
			children = (
				A6E8862324B42F090074009B /* BTVNDay9Tests.swift */,
				A6E8862524B42F090074009B /* Info.plist */,
			);
			path = BTVNDay9Tests;
			sourceTree = "<group>";
		};
		A6E8862D24B42F090074009B /* BTVNDay9UITests */ = {
			isa = PBXGroup;
			children = (
				A6E8862E24B42F090074009B /* BTVNDay9UITests.swift */,
				A6E8863024B42F090074009B /* Info.plist */,
			);
			path = BTVNDay9UITests;
			sourceTree = "<group>";
		};
/* End PBXGroup section */

/* Begin PBXNativeTarget section */
		A6E8860A24B42F070074009B /* BTVNDay9 */ = {
			isa = PBXNativeTarget;
			buildConfigurationList = A6E8863324B42F090074009B /* Build configuration list for PBXNativeTarget "BTVNDay9" */;
			buildPhases = (
				A6E8860724B42F070074009B /* Sources */,
				A6E8860824B42F070074009B /* Frameworks */,
				A6E8860924B42F070074009B /* Resources */,
			);
			buildRules = (
			);
			dependencies = (
			);
			name = BTVNDay9;
			productName = BTVNDay9;
			productReference = A6E8860B24B42F070074009B /* BTVNDay9.app */;
			productType = "com.apple.product-type.application";
		};
		A6E8861E24B42F080074009B /* BTVNDay9Tests */ = {
			isa = PBXNativeTarget;
			buildConfigurationList = A6E8863624B42F090074009B /* Build configuration list for PBXNativeTarget "BTVNDay9Tests" */;
			buildPhases = (
				A6E8861B24B42F080074009B /* Sources */,
				A6E8861C24B42F080074009B /* Frameworks */,
				A6E8861D24B42F080074009B /* Resources */,
			);
			buildRules = (
			);
			dependencies = (
				A6E8862124B42F080074009B /* PBXTargetDependency */,
			);
			name = BTVNDay9Tests;
			productName = BTVNDay9Tests;
			productReference = A6E8861F24B42F080074009B /* BTVNDay9Tests.xctest */;
			productType = "com.apple.product-type.bundle.unit-test";
		};
		A6E8862924B42F090074009B /* BTVNDay9UITests */ = {
			isa = PBXNativeTarget;
			buildConfigurationList = A6E8863924B42F090074009B /* Build configuration list for PBXNativeTarget "BTVNDay9UITests" */;
			buildPhases = (
				A6E8862624B42F090074009B /* Sources */,
				A6E8862724B42F090074009B /* Frameworks */,
				A6E8862824B42F090074009B /* Resources */,
			);
			buildRules = (
			);
			dependencies = (
				A6E8862C24B42F090074009B /* PBXTargetDependency */,
			);
			name = BTVNDay9UITests;
			productName = BTVNDay9UITests;
			productReference = A6E8862A24B42F090074009B /* BTVNDay9UITests.xctest */;
			productType = "com.apple.product-type.bundle.ui-testing";
		};
/* End PBXNativeTarget section */

/* Begin PBXProject section */
		A6E8860324B42F070074009B /* Project object */ = {
			isa = PBXProject;
			attributes = {
				LastSwiftUpdateCheck = 1010;
				LastUpgradeCheck = 1010;
				ORGANIZATIONNAME = Tung;
				TargetAttributes = {
					A6E8860A24B42F070074009B = {
						CreatedOnToolsVersion = 10.1;
					};
					A6E8861E24B42F080074009B = {
						CreatedOnToolsVersion = 10.1;
						TestTargetID = A6E8860A24B42F070074009B;
					};
					A6E8862924B42F090074009B = {
						CreatedOnToolsVersion = 10.1;
						TestTargetID = A6E8860A24B42F070074009B;
					};
				};
			};
			buildConfigurationList = A6E8860624B42F070074009B /* Build configuration list for PBXProject "BTVNDay9" */;
			compatibilityVersion = "Xcode 9.3";
			developmentRegion = en;
			hasScannedForEncodings = 0;
			knownRegions = (
				en,
				Base,
			);
			mainGroup = A6E8860224B42F070074009B;
			productRefGroup = A6E8860C24B42F070074009B /* Products */;
			projectDirPath = "";
			projectRoot = "";
			targets = (
				A6E8860A24B42F070074009B /* BTVNDay9 */,
				A6E8861E24B42F080074009B /* BTVNDay9Tests */,
				A6E8862924B42F090074009B /* BTVNDay9UITests */,
			);
		};
/* End PBXProject section */

/* Begin PBXResourcesBuildPhase section */
		A6E8860924B42F070074009B /* Resources */ = {
			isa = PBXResourcesBuildPhase;
			buildActionMask = 2147483647;
			files = (
				A6E8861924B42F080074009B /* LaunchScreen.storyboard in Resources */,
				A6E8861624B42F080074009B /* Assets.xcassets in Resources */,
				A6E8861424B42F070074009B /* Main.storyboard in Resources */,
			);
			runOnlyForDeploymentPostprocessing = 0;
		};
		A6E8861D24B42F080074009B /* Resources */ = {
			isa = PBXResourcesBuildPhase;
			buildActionMask = 2147483647;
			files = (
			);
			runOnlyForDeploymentPostprocessing = 0;
		};
		A6E8862824B42F090074009B /* Resources */ = {
			isa = PBXResourcesBuildPhase;
			buildActionMask = 2147483647;
			files = (
			);
			runOnlyForDeploymentPostprocessing = 0;
		};
/* End PBXResourcesBuildPhase section */

/* Begin PBXSourcesBuildPhase section */
		A6E8860724B42F070074009B /* Sources */ = {
			isa = PBXSourcesBuildPhase;
			buildActionMask = 2147483647;
			files = (
				A6E8863D24B42F850074009B /* CustomView.swift in Sources */,
				A6E8861124B42F070074009B /* ViewController.swift in Sources */,
				A6E8860F24B42F070074009B /* AppDelegate.swift in Sources */,
			);
			runOnlyForDeploymentPostprocessing = 0;
		};
		A6E8861B24B42F080074009B /* Sources */ = {
			isa = PBXSourcesBuildPhase;
			buildActionMask = 2147483647;
			files = (
				A6E8862424B42F090074009B /* BTVNDay9Tests.swift in Sources */,
			);
			runOnlyForDeploymentPostprocessing = 0;
		};
		A6E8862624B42F090074009B /* Sources */ = {
			isa = PBXSourcesBuildPhase;
			buildActionMask = 2147483647;
			files = (
				A6E8862F24B42F090074009B /* BTVNDay9UITests.swift in Sources */,
			);
			runOnlyForDeploymentPostprocessing = 0;
		};
/* End PBXSourcesBuildPhase section */

/* Begin PBXTargetDependency section */
		A6E8862124B42F080074009B /* PBXTargetDependency */ = {
			isa = PBXTargetDependency;
			target = A6E8860A24B42F070074009B /* BTVNDay9 */;
			targetProxy = A6E8862024B42F080074009B /* PBXContainerItemProxy */;
		};
		A6E8862C24B42F090074009B /* PBXTargetDependency */ = {
			isa = PBXTargetDependency;
			target = A6E8860A24B42F070074009B /* BTVNDay9 */;
			targetProxy = A6E8862B24B42F090074009B /* PBXContainerItemProxy */;
		};
/* End PBXTargetDependency section */

/* Begin PBXVariantGroup section */
		A6E8861224B42F070074009B /* Main.storyboard */ = {
			isa = PBXVariantGroup;
			children = (
				A6E8861324B42F070074009B /* Base */,
			);
			name = Main.storyboard;
			sourceTree = "<group>";
		};
		A6E8861724B42F080074009B /* LaunchScreen.storyboard */ = {
			isa = PBXVariantGroup;
			children = (
				A6E8861824B42F080074009B /* Base */,
			);
			name = LaunchScreen.storyboard;
			sourceTree = "<group>";
		};
/* End PBXVariantGroup section */

/* Begin XCBuildConfiguration section */
		A6E8863124B42F090074009B /* Debug */ = {
			isa = XCBuildConfiguration;
			buildSettings = {
				ALWAYS_SEARCH_USER_PATHS = NO;
				CLANG_ANALYZER_NONNULL = YES;
				CLANG_ANALYZER_NUMBER_OBJECT_CONVERSION = YES_AGGRESSIVE;
				CLANG_CXX_LANGUAGE_STANDARD = "gnu++14";
				CLANG_CXX_LIBRARY = "libc++";
				CLANG_ENABLE_MODULES = YES;
				CLANG_ENABLE_OBJC_ARC = YES;
				CLANG_ENABLE_OBJC_WEAK = YES;
				CLANG_WARN_BLOCK_CAPTURE_AUTORELEASING = YES;
				CLANG_WARN_BOOL_CONVERSION = YES;
				CLANG_WARN_COMMA = YES;
				CLANG_WARN_CONSTANT_CONVERSION = YES;
				CLANG_WARN_DEPRECATED_OBJC_IMPLEMENTATIONS = YES;
				CLANG_WARN_DIRECT_OBJC_ISA_USAGE = YES_ERROR;
				CLANG_WARN_DOCUMENTATION_COMMENTS = YES;
				CLANG_WARN_EMPTY_BODY = YES;
				CLANG_WARN_ENUM_CONVERSION = YES;
				CLANG_WARN_INFINITE_RECURSION = YES;
				CLANG_WARN_INT_CONVERSION = YES;
				CLANG_WARN_NON_LITERAL_NULL_CONVERSION = YES;
				CLANG_WARN_OBJC_IMPLICIT_RETAIN_SELF = YES;
				CLANG_WARN_OBJC_LITERAL_CONVERSION = YES;
				CLANG_WARN_OBJC_ROOT_CLASS = YES_ERROR;
				CLANG_WARN_RANGE_LOOP_ANALYSIS = YES;
				CLANG_WARN_STRICT_PROTOTYPES = YES;
				CLANG_WARN_SUSPICIOUS_MOVE = YES;
				CLANG_WARN_UNGUARDED_AVAILABILITY = YES_AGGRESSIVE;
				CLANG_WARN_UNREACHABLE_CODE = YES;
				CLANG_WARN__DUPLICATE_METHOD_MATCH = YES;
				CODE_SIGN_IDENTITY = "iPhone Developer";
				COPY_PHASE_STRIP = NO;
				DEBUG_INFORMATION_FORMAT = dwarf;
				ENABLE_STRICT_OBJC_MSGSEND = YES;
				ENABLE_TESTABILITY = YES;
				GCC_C_LANGUAGE_STANDARD = gnu11;
				GCC_DYNAMIC_NO_PIC = NO;
				GCC_NO_COMMON_BLOCKS = YES;
				GCC_OPTIMIZATION_LEVEL = 0;
				GCC_PREPROCESSOR_DEFINITIONS = (
					"DEBUG=1",
					"$(inherited)",
				);
				GCC_WARN_64_TO_32_BIT_CONVERSION = YES;
				GCC_WARN_ABOUT_RETURN_TYPE = YES_ERROR;
				GCC_WARN_UNDECLARED_SELECTOR = YES;
				GCC_WARN_UNINITIALIZED_AUTOS = YES_AGGRESSIVE;
				GCC_WARN_UNUSED_FUNCTION = YES;
				GCC_WARN_UNUSED_VARIABLE = YES;
				IPHONEOS_DEPLOYMENT_TARGET = 12.1;
				MTL_ENABLE_DEBUG_INFO = INCLUDE_SOURCE;
				MTL_FAST_MATH = YES;
				ONLY_ACTIVE_ARCH = YES;
				SDKROOT = iphoneos;
				SWIFT_ACTIVE_COMPILATION_CONDITIONS = DEBUG;
				SWIFT_OPTIMIZATION_LEVEL = "-Onone";
			};
			name = Debug;
		};
		A6E8863224B42F090074009B /* Release */ = {
			isa = XCBuildConfiguration;
			buildSettings = {
				ALWAYS_SEARCH_USER_PATHS = NO;
				CLANG_ANALYZER_NONNULL = YES;
				CLANG_ANALYZER_NUMBER_OBJECT_CONVERSION = YES_AGGRESSIVE;
				CLANG_CXX_LANGUAGE_STANDARD = "gnu++14";
				CLANG_CXX_LIBRARY = "libc++";
				CLANG_ENABLE_MODULES = YES;
				CLANG_ENABLE_OBJC_ARC = YES;
				CLANG_ENABLE_OBJC_WEAK = YES;
				CLANG_WARN_BLOCK_CAPTURE_AUTORELEASING = YES;
				CLANG_WARN_BOOL_CONVERSION = YES;
				CLANG_WARN_COMMA = YES;
				CLANG_WARN_CONSTANT_CONVERSION = YES;
				CLANG_WARN_DEPRECATED_OBJC_IMPLEMENTATIONS = YES;
				CLANG_WARN_DIRECT_OBJC_ISA_USAGE = YES_ERROR;
				CLANG_WARN_DOCUMENTATION_COMMENTS = YES;
				CLANG_WARN_EMPTY_BODY = YES;
				CLANG_WARN_ENUM_CONVERSION = YES;
				CLANG_WARN_INFINITE_RECURSION = YES;
				CLANG_WARN_INT_CONVERSION = YES;
				CLANG_WARN_NON_LITERAL_NULL_CONVERSION = YES;
				CLANG_WARN_OBJC_IMPLICIT_RETAIN_SELF = YES;
				CLANG_WARN_OBJC_LITERAL_CONVERSION = YES;
				CLANG_WARN_OBJC_ROOT_CLASS = YES_ERROR;
				CLANG_WARN_RANGE_LOOP_ANALYSIS = YES;
				CLANG_WARN_STRICT_PROTOTYPES = YES;
				CLANG_WARN_SUSPICIOUS_MOVE = YES;
				CLANG_WARN_UNGUARDED_AVAILABILITY = YES_AGGRESSIVE;
				CLANG_WARN_UNREACHABLE_CODE = YES;
				CLANG_WARN__DUPLICATE_METHOD_MATCH = YES;
				CODE_SIGN_IDENTITY = "iPhone Developer";
				COPY_PHASE_STRIP = NO;
				DEBUG_INFORMATION_FORMAT = "dwarf-with-dsym";
				ENABLE_NS_ASSERTIONS = NO;
				ENABLE_STRICT_OBJC_MSGSEND = YES;
				GCC_C_LANGUAGE_STANDARD = gnu11;
				GCC_NO_COMMON_BLOCKS = YES;
				GCC_WARN_64_TO_32_BIT_CONVERSION = YES;
				GCC_WARN_ABOUT_RETURN_TYPE = YES_ERROR;
				GCC_WARN_UNDECLARED_SELECTOR = YES;
				GCC_WARN_UNINITIALIZED_AUTOS = YES_AGGRESSIVE;
				GCC_WARN_UNUSED_FUNCTION = YES;
				GCC_WARN_UNUSED_VARIABLE = YES;
				IPHONEOS_DEPLOYMENT_TARGET = 12.1;
				MTL_ENABLE_DEBUG_INFO = NO;
				MTL_FAST_MATH = YES;
				SDKROOT = iphoneos;
				SWIFT_COMPILATION_MODE = wholemodule;
				SWIFT_OPTIMIZATION_LEVEL = "-O";
				VALIDATE_PRODUCT = YES;
			};
			name = Release;
		};
		A6E8863424B42F090074009B /* Debug */ = {
			isa = XCBuildConfiguration;
			buildSettings = {
				ASSETCATALOG_COMPILER_APPICON_NAME = AppIcon;
				CODE_SIGN_STYLE = Automatic;
				INFOPLIST_FILE = BTVNDay9/Info.plist;
				LD_RUNPATH_SEARCH_PATHS = (
					"$(inherited)",
					"@executable_path/Frameworks",
				);
				PRODUCT_BUNDLE_IDENTIFIER = com.tung.BTVNDay9;
				PRODUCT_NAME = "$(TARGET_NAME)";
				SWIFT_VERSION = 4.2;
				TARGETED_DEVICE_FAMILY = "1,2";
			};
			name = Debug;
		};
		A6E8863524B42F090074009B /* Release */ = {
			isa = XCBuildConfiguration;
			buildSettings = {
				ASSETCATALOG_COMPILER_APPICON_NAME = AppIcon;
				CODE_SIGN_STYLE = Automatic;
				INFOPLIST_FILE = BTVNDay9/Info.plist;
				LD_RUNPATH_SEARCH_PATHS = (
					"$(inherited)",
					"@executable_path/Frameworks",
				);
				PRODUCT_BUNDLE_IDENTIFIER = com.tung.BTVNDay9;
				PRODUCT_NAME = "$(TARGET_NAME)";
				SWIFT_VERSION = 4.2;
				TARGETED_DEVICE_FAMILY = "1,2";
			};
			name = Release;
		};
		A6E8863724B42F090074009B /* Debug */ = {
			isa = XCBuildConfiguration;
			buildSettings = {
				ALWAYS_EMBED_SWIFT_STANDARD_LIBRARIES = YES;
				BUNDLE_LOADER = "$(TEST_HOST)";
				CODE_SIGN_STYLE = Automatic;
				INFOPLIST_FILE = BTVNDay9Tests/Info.plist;
				LD_RUNPATH_SEARCH_PATHS = (
					"$(inherited)",
					"@executable_path/Frameworks",
					"@loader_path/Frameworks",
				);
				PRODUCT_BUNDLE_IDENTIFIER = com.tung.BTVNDay9Tests;
				PRODUCT_NAME = "$(TARGET_NAME)";
				SWIFT_VERSION = 4.2;
				TARGETED_DEVICE_FAMILY = "1,2";
				TEST_HOST = "$(BUILT_PRODUCTS_DIR)/BTVNDay9.app/BTVNDay9";
			};
			name = Debug;
		};
		A6E8863824B42F090074009B /* Release */ = {
			isa = XCBuildConfiguration;
			buildSettings = {
				ALWAYS_EMBED_SWIFT_STANDARD_LIBRARIES = YES;
				BUNDLE_LOADER = "$(TEST_HOST)";
				CODE_SIGN_STYLE = Automatic;
				INFOPLIST_FILE = BTVNDay9Tests/Info.plist;
				LD_RUNPATH_SEARCH_PATHS = (
					"$(inherited)",
					"@executable_path/Frameworks",
					"@loader_path/Frameworks",
				);
				PRODUCT_BUNDLE_IDENTIFIER = com.tung.BTVNDay9Tests;
				PRODUCT_NAME = "$(TARGET_NAME)";
				SWIFT_VERSION = 4.2;
				TARGETED_DEVICE_FAMILY = "1,2";
				TEST_HOST = "$(BUILT_PRODUCTS_DIR)/BTVNDay9.app/BTVNDay9";
			};
			name = Release;
		};
		A6E8863A24B42F090074009B /* Debug */ = {
			isa = XCBuildConfiguration;
			buildSettings = {
				ALWAYS_EMBED_SWIFT_STANDARD_LIBRARIES = YES;
				CODE_SIGN_STYLE = Automatic;
				INFOPLIST_FILE = BTVNDay9UITests/Info.plist;
				LD_RUNPATH_SEARCH_PATHS = (
					"$(inherited)",
					"@executable_path/Frameworks",
					"@loader_path/Frameworks",
				);
				PRODUCT_BUNDLE_IDENTIFIER = com.tung.BTVNDay9UITests;
				PRODUCT_NAME = "$(TARGET_NAME)";
				SWIFT_VERSION = 4.2;
				TARGETED_DEVICE_FAMILY = "1,2";
				TEST_TARGET_NAME = BTVNDay9;
			};
			name = Debug;
		};
		A6E8863B24B42F090074009B /* Release */ = {
			isa = XCBuildConfiguration;
			buildSettings = {
				ALWAYS_EMBED_SWIFT_STANDARD_LIBRARIES = YES;
				CODE_SIGN_STYLE = Automatic;
				INFOPLIST_FILE = BTVNDay9UITests/Info.plist;
				LD_RUNPATH_SEARCH_PATHS = (
					"$(inherited)",
					"@executable_path/Frameworks",
					"@loader_path/Frameworks",
				);
				PRODUCT_BUNDLE_IDENTIFIER = com.tung.BTVNDay9UITests;
				PRODUCT_NAME = "$(TARGET_NAME)";
				SWIFT_VERSION = 4.2;
				TARGETED_DEVICE_FAMILY = "1,2";
				TEST_TARGET_NAME = BTVNDay9;
			};
			name = Release;
		};
/* End XCBuildConfiguration section */

/* Begin XCConfigurationList section */
		A6E8860624B42F070074009B /* Build configuration list for PBXProject "BTVNDay9" */ = {
			isa = XCConfigurationList;
			buildConfigurations = (
				A6E8863124B42F090074009B /* Debug */,
				A6E8863224B42F090074009B /* Release */,
			);
			defaultConfigurationIsVisible = 0;
			defaultConfigurationName = Release;
		};
		A6E8863324B42F090074009B /* Build configuration list for PBXNativeTarget "BTVNDay9" */ = {
			isa = XCConfigurationList;
			buildConfigurations = (
				A6E8863424B42F090074009B /* Debug */,
				A6E8863524B42F090074009B /* Release */,
			);
			defaultConfigurationIsVisible = 0;
			defaultConfigurationName = Release;
		};
		A6E8863624B42F090074009B /* Build configuration list for PBXNativeTarget "BTVNDay9Tests" */ = {
			isa = XCConfigurationList;
			buildConfigurations = (
				A6E8863724B42F090074009B /* Debug */,
				A6E8863824B42F090074009B /* Release */,
			);
			defaultConfigurationIsVisible = 0;
			defaultConfigurationName = Release;
		};
		A6E8863924B42F090074009B /* Build configuration list for PBXNativeTarget "BTVNDay9UITests" */ = {
			isa = XCConfigurationList;
			buildConfigurations = (
				A6E8863A24B42F090074009B /* Debug */,
				A6E8863B24B42F090074009B /* Release */,
			);
			defaultConfigurationIsVisible = 0;
			defaultConfigurationName = Release;
		};
/* End XCConfigurationList section */
	};
	rootObject = A6E8860324B42F070074009B /* Project object */;
}
